
Microsoft Visual Studio Solution File, Format Version 12.00
# Visual Studio Version 17
VisualStudioVersion = 17.6.33815.320
MinimumVisualStudioVersion = 10.0.40219.1
Project("{FAE04EC0-301F-11D3-BF4B-00C04F79EFBC}") = "001_InOutPut", "001_InOutPut.csproj", "{90110366-8493-4CC7-B52C-CB9B4E799CCE}"
EndProject
Project("{FAE04EC0-301F-11D3-BF4B-00C04F79EFBC}") = "002_TypeVariable", "..\002_TypeVariable\002_TypeVariable.csproj", "{D1BF0B5E-C32B-4131-ABE6-AF9F747454F0}"
EndProject
Global
	GlobalSection(SolutionConfigurationPlatforms) = preSolution
		Debug|Any CPU = Debug|Any CPU
		Release|Any CPU = Release|Any CPU
	EndGlobalSection
	GlobalSection(ProjectConfigurationPlatforms) = postSolution
		{90110366-8493-4CC7-B52C-CB9B4E799CCE}.Debug|Any CPU.ActiveCfg = Debug|Any CPU
		{90110366-8493-4CC7-B52C-CB9B4E799CCE}.Debug|Any CPU.Build.0 = Debug|Any CPU
		{90110366-8493-4CC7-B52C-CB9B4E799CCE}.Release|Any CPU.ActiveCfg = Release|Any CPU
		{90110366-8493-4CC7-B52C-CB9B4E799CCE}.Release|Any CPU.Build.0 = Release|Any CPU
		{D1BF0B5E-C32B-4131-ABE6-AF9F747454F0}.Debug|Any CPU.ActiveCfg = Debug|Any CPU
		{D1BF0B5E-C32B-4131-ABE6-AF9F747454F0}.Debug|Any CPU.Build.0 = Debug|Any CPU
		{D1BF0B5E-C32B-4131-ABE6-AF9F747454F0}.Release|Any CPU.ActiveCfg = Release|Any CPU
		{D1BF0B5E-C32B-4131-ABE6-AF9F747454F0}.Release|Any CPU.Build.0 = Release|Any CPU
	EndGlobalSection
	GlobalSection(SolutionProperties) = preSolution
		HideSolutionNode = FALSE
	EndGlobalSection
	GlobalSection(ExtensibilityGlobals) = postSolution
		SolutionGuid = {6C35FF2A-CA30-4F1F-9778-C8F734BF7B4E}
	EndGlobalSection
EndGlobal
